
Microsoft Visual Studio Solution File, Format Version 12.00
# Visual Studio Version 17
VisualStudioVersion = 17.13.35825.156 d17.13
MinimumVisualStudioVersion = 10.0.40219.1
Project("{FAE04EC0-301F-11D3-BF4B-00C04F79EFBC}") = "WebApplicationSample", "WebApplicationSample.csproj", "{A42E9415-944E-4E73-A230-E731BE659086}"
EndProject
Global
	GlobalSection(SolutionConfigurationPlatforms) = preSolution
		Debug|Any CPU = Debug|Any CPU
		Release|Any CPU = Release|Any CPU
	EndGlobalSection
	GlobalSection(ProjectConfigurationPlatforms) = postSolution
		{A42E9415-944E-4E73-A230-E731BE659086}.Debug|Any CPU.ActiveCfg = Debug|Any CPU
		{A42E9415-944E-4E73-A230-E731BE659086}.Debug|Any CPU.Build.0 = Debug|Any CPU
		{A42E9415-944E-4E73-A230-E731BE659086}.Release|Any CPU.ActiveCfg = Release|Any CPU
		{A42E9415-944E-4E73-A230-E731BE659086}.Release|Any CPU.Build.0 = Release|Any CPU
	EndGlobalSection
	GlobalSection(SolutionProperties) = preSolution
		HideSolutionNode = FALSE
	EndGlobalSection
	GlobalSection(ExtensibilityGlobals) = postSolution
		SolutionGuid = {74D75B17-A5E6-4633-A87E-99BE8AAD2F7F}
	EndGlobalSection
EndGlobal
