
Microsoft Visual Studio Solution File, Format Version 12.00
# Visual Studio Version 17
VisualStudioVersion = 17.13.35825.156 d17.13
MinimumVisualStudioVersion = 10.0.40219.1
Project("{FAE04EC0-301F-11D3-BF4B-00C04F79EFBC}") = "ClaysysLearningPortal", "ClaysysLearningPortal.csproj", "{8785BED5-F8CB-4FE8-A846-936964C4D10B}"
EndProject
Global
	GlobalSection(SolutionConfigurationPlatforms) = preSolution
		Debug|Any CPU = Debug|Any CPU
		Release|Any CPU = Release|Any CPU
	EndGlobalSection
	GlobalSection(ProjectConfigurationPlatforms) = postSolution
		{8785BED5-F8CB-4FE8-A846-936964C4D10B}.Debug|Any CPU.ActiveCfg = Debug|Any CPU
		{8785BED5-F8CB-4FE8-A846-936964C4D10B}.Debug|Any CPU.Build.0 = Debug|Any CPU
		{8785BED5-F8CB-4FE8-A846-936964C4D10B}.Release|Any CPU.ActiveCfg = Release|Any CPU
		{8785BED5-F8CB-4FE8-A846-936964C4D10B}.Release|Any CPU.Build.0 = Release|Any CPU
	EndGlobalSection
	GlobalSection(SolutionProperties) = preSolution
		HideSolutionNode = FALSE
	EndGlobalSection
	GlobalSection(ExtensibilityGlobals) = postSolution
		SolutionGuid = {9C1FB26D-C63D-4A43-9684-57C18BD6047D}
	EndGlobalSection
EndGlobal
